
Microsoft Visual Studio Solution File, Format Version 12.00
# Visual Studio Version 17
VisualStudioVersion = 17.4.33122.133
MinimumVisualStudioVersion = 10.0.40219.1
Project("{9A19103F-16F7-4668-BE54-9A1E7A4F7556}") = "WebAPI", "WebAPI\WebAPI.csproj", "{9E728EB7-B554-4451-BE23-98B8E62A9FFD}"
EndProject
Project("{2150E333-8FDC-42A3-9474-1A3956D46DE8}") = "Auth", "Auth", "{E7CEEE3B-315A-4807-82F7-15713B858B5D}"
EndProject
Project("{2150E333-8FDC-42A3-9474-1A3956D46DE8}") = "Bll", "Bll", "{F95838FC-51F5-4145-892C-45A21F85A896}"
EndProject
Project("{2150E333-8FDC-42A3-9474-1A3956D46DE8}") = "Dal", "Dal", "{491A0144-5428-4BCE-9E87-AD4389DC2D9D}"
EndProject
Project("{2150E333-8FDC-42A3-9474-1A3956D46DE8}") = "Dto", "Dto", "{20A4C022-C06A-4F56-A9FD-19179CA299DE}"
EndProject
Project("{2150E333-8FDC-42A3-9474-1A3956D46DE8}") = "Rest", "Rest", "{6D611677-C16C-4F53-AD69-345B9D278B68}"
EndProject
Project("{2150E333-8FDC-42A3-9474-1A3956D46DE8}") = "UI", "UI", "{524BA703-3878-47E4-83B3-4972268D18DE}"
EndProject
Project("{9A19103F-16F7-4668-BE54-9A1E7A4F7556}") = "API.Dto.General", "API.Dto.General\API.Dto.General.csproj", "{FE1ECF9D-64A6-458C-A085-A01464A8394C}"
EndProject
Project("{9A19103F-16F7-4668-BE54-9A1E7A4F7556}") = "API.Dto.Estudiante", "API.Dto.Estudiante\API.Dto.Estudiante.csproj", "{A2A8A350-16D9-4213-A622-0E2F76847716}"
EndProject
Project("{9A19103F-16F7-4668-BE54-9A1E7A4F7556}") = "API.Dto.Error", "API.Dto.Error\API.Dto.Error.csproj", "{B92AC821-0D18-4853-854C-F9378288D7B7}"
EndProject
Project("{9A19103F-16F7-4668-BE54-9A1E7A4F7556}") = "API.Bll.Estudiante", "API.Bll.Estudiante\API.Bll.Estudiante.csproj", "{A0632E7E-61C8-4BCD-B889-0D2ABAB0A47B}"
EndProject
Project("{9A19103F-16F7-4668-BE54-9A1E7A4F7556}") = "API.Bll.Error", "API.Bll.Error\API.Bll.Error.csproj", "{BDE79828-DA46-4547-8D13-E3896455319E}"
EndProject
Project("{9A19103F-16F7-4668-BE54-9A1E7A4F7556}") = "API.Dto.Curso", "API.Dto.Curso\API.Dto.Curso.csproj", "{0BC912D9-5B7D-474D-8DD7-B4255F13C8C8}"
EndProject
Project("{9A19103F-16F7-4668-BE54-9A1E7A4F7556}") = "API.Bll.Curso", "API.Bll.Curso\API.Bll.Curso.csproj", "{05F5765C-25BF-42C0-8F2A-5B09EADD03B7}"
EndProject
Project("{9A19103F-16F7-4668-BE54-9A1E7A4F7556}") = "API.Dal.General", "API.Dal.General\API.Dal.General.csproj", "{832E6ACF-3815-4A9A-9268-9B825C86ADE1}"
EndProject
Project("{9A19103F-16F7-4668-BE54-9A1E7A4F7556}") = "API.Dal.Estudiante", "API.Dal.Estudiante\API.Dal.Estudiante.csproj", "{F8E0BEEE-CA86-42EB-98B7-8619D0D7AB16}"
EndProject
Project("{9A19103F-16F7-4668-BE54-9A1E7A4F7556}") = "API.Dal.Error", "API.Dal.Error\API.Dal.Error.csproj", "{00005A48-F99C-43A6-98FA-DC9114D7EF4B}"
EndProject
Project("{9A19103F-16F7-4668-BE54-9A1E7A4F7556}") = "WebAPIMatricula_3C2023", "WebAPIMatricula_3C23\WebAPIMatricula_3C2023.csproj", "{C717ED01-585F-4C37-AEEC-FDD01905369E}"
EndProject
Project("{9A19103F-16F7-4668-BE54-9A1E7A4F7556}") = "API.Dal.Curso", "API.Dal.Curso\API.Dal.Curso.csproj", "{CDA79F1B-2C89-49B4-ACC0-9C463A5FE7EF}"
EndProject
Project("{9A19103F-16F7-4668-BE54-9A1E7A4F7556}") = "API.Dto.Profesor", "API.Dto.Pro\API.Dto.Profesor.csproj", "{8E247BB3-4726-4D7E-85F4-D2CF53A435F4}"
EndProject
Project("{9A19103F-16F7-4668-BE54-9A1E7A4F7556}") = "API.Bll.Profesor", "API.Bll.Pro\API.Bll.Profesor.csproj", "{933D78ED-0DB9-444B-9149-B24961D78C1F}"
EndProject
Project("{FAE04EC0-301F-11D3-BF4B-00C04F79EFBC}") = "API.Dal.Profesor", "API.Dal.Pro\API.Dal.Profesor.csproj", "{0F09FC8A-BD35-49DB-ACFC-9F5DE15C8631}"
EndProject
Project("{FAE04EC0-301F-11D3-BF4B-00C04F79EFBC}") = "API.Dto.Finanza", "API.Dto.Fin\API.Dto.Finanza.csproj", "{6882E193-9610-4E13-9852-29D8681EF257}"
EndProject
Project("{FAE04EC0-301F-11D3-BF4B-00C04F79EFBC}") = "API.Bll.Finanza", "API.Bll.Fin\API.Bll.Finanza.csproj", "{11E2A2A6-2669-4FA8-B8D8-6BAFE1A5D5EA}"
EndProject
Project("{FAE04EC0-301F-11D3-BF4B-00C04F79EFBC}") = "API.Dal.Finanza", "API.Dal.Fin\API.Dal.Finanza.csproj", "{8AECC234-3BBB-4E39-A256-0272A71449E7}"
EndProject
Global
	GlobalSection(SolutionConfigurationPlatforms) = preSolution
		Debug|Any CPU = Debug|Any CPU
		Release|Any CPU = Release|Any CPU
	EndGlobalSection
	GlobalSection(ProjectConfigurationPlatforms) = postSolution
		{9E728EB7-B554-4451-BE23-98B8E62A9FFD}.Debug|Any CPU.ActiveCfg = Debug|Any CPU
		{9E728EB7-B554-4451-BE23-98B8E62A9FFD}.Debug|Any CPU.Build.0 = Debug|Any CPU
		{9E728EB7-B554-4451-BE23-98B8E62A9FFD}.Release|Any CPU.ActiveCfg = Release|Any CPU
		{9E728EB7-B554-4451-BE23-98B8E62A9FFD}.Release|Any CPU.Build.0 = Release|Any CPU
		{FE1ECF9D-64A6-458C-A085-A01464A8394C}.Debug|Any CPU.ActiveCfg = Debug|Any CPU
		{FE1ECF9D-64A6-458C-A085-A01464A8394C}.Debug|Any CPU.Build.0 = Debug|Any CPU
		{FE1ECF9D-64A6-458C-A085-A01464A8394C}.Release|Any CPU.ActiveCfg = Release|Any CPU
		{FE1ECF9D-64A6-458C-A085-A01464A8394C}.Release|Any CPU.Build.0 = Release|Any CPU
		{A2A8A350-16D9-4213-A622-0E2F76847716}.Debug|Any CPU.ActiveCfg = Debug|Any CPU
		{A2A8A350-16D9-4213-A622-0E2F76847716}.Debug|Any CPU.Build.0 = Debug|Any CPU
		{A2A8A350-16D9-4213-A622-0E2F76847716}.Release|Any CPU.ActiveCfg = Release|Any CPU
		{A2A8A350-16D9-4213-A622-0E2F76847716}.Release|Any CPU.Build.0 = Release|Any CPU
		{B92AC821-0D18-4853-854C-F9378288D7B7}.Debug|Any CPU.ActiveCfg = Debug|Any CPU
		{B92AC821-0D18-4853-854C-F9378288D7B7}.Debug|Any CPU.Build.0 = Debug|Any CPU
		{B92AC821-0D18-4853-854C-F9378288D7B7}.Release|Any CPU.ActiveCfg = Release|Any CPU
		{B92AC821-0D18-4853-854C-F9378288D7B7}.Release|Any CPU.Build.0 = Release|Any CPU
		{A0632E7E-61C8-4BCD-B889-0D2ABAB0A47B}.Debug|Any CPU.ActiveCfg = Debug|Any CPU
		{A0632E7E-61C8-4BCD-B889-0D2ABAB0A47B}.Debug|Any CPU.Build.0 = Debug|Any CPU
		{A0632E7E-61C8-4BCD-B889-0D2ABAB0A47B}.Release|Any CPU.ActiveCfg = Release|Any CPU
		{A0632E7E-61C8-4BCD-B889-0D2ABAB0A47B}.Release|Any CPU.Build.0 = Release|Any CPU
		{BDE79828-DA46-4547-8D13-E3896455319E}.Debug|Any CPU.ActiveCfg = Debug|Any CPU
		{BDE79828-DA46-4547-8D13-E3896455319E}.Debug|Any CPU.Build.0 = Debug|Any CPU
		{BDE79828-DA46-4547-8D13-E3896455319E}.Release|Any CPU.ActiveCfg = Release|Any CPU
		{BDE79828-DA46-4547-8D13-E3896455319E}.Release|Any CPU.Build.0 = Release|Any CPU
		{0BC912D9-5B7D-474D-8DD7-B4255F13C8C8}.Debug|Any CPU.ActiveCfg = Debug|Any CPU
		{0BC912D9-5B7D-474D-8DD7-B4255F13C8C8}.Debug|Any CPU.Build.0 = Debug|Any CPU
		{0BC912D9-5B7D-474D-8DD7-B4255F13C8C8}.Release|Any CPU.ActiveCfg = Release|Any CPU
		{0BC912D9-5B7D-474D-8DD7-B4255F13C8C8}.Release|Any CPU.Build.0 = Release|Any CPU
		{05F5765C-25BF-42C0-8F2A-5B09EADD03B7}.Debug|Any CPU.ActiveCfg = Debug|Any CPU
		{05F5765C-25BF-42C0-8F2A-5B09EADD03B7}.Debug|Any CPU.Build.0 = Debug|Any CPU
		{05F5765C-25BF-42C0-8F2A-5B09EADD03B7}.Release|Any CPU.ActiveCfg = Release|Any CPU
		{05F5765C-25BF-42C0-8F2A-5B09EADD03B7}.Release|Any CPU.Build.0 = Release|Any CPU
		{832E6ACF-3815-4A9A-9268-9B825C86ADE1}.Debug|Any CPU.ActiveCfg = Debug|Any CPU
		{832E6ACF-3815-4A9A-9268-9B825C86ADE1}.Debug|Any CPU.Build.0 = Debug|Any CPU
		{832E6ACF-3815-4A9A-9268-9B825C86ADE1}.Release|Any CPU.ActiveCfg = Release|Any CPU
		{832E6ACF-3815-4A9A-9268-9B825C86ADE1}.Release|Any CPU.Build.0 = Release|Any CPU
		{F8E0BEEE-CA86-42EB-98B7-8619D0D7AB16}.Debug|Any CPU.ActiveCfg = Debug|Any CPU
		{F8E0BEEE-CA86-42EB-98B7-8619D0D7AB16}.Debug|Any CPU.Build.0 = Debug|Any CPU
		{F8E0BEEE-CA86-42EB-98B7-8619D0D7AB16}.Release|Any CPU.ActiveCfg = Release|Any CPU
		{F8E0BEEE-CA86-42EB-98B7-8619D0D7AB16}.Release|Any CPU.Build.0 = Release|Any CPU
		{00005A48-F99C-43A6-98FA-DC9114D7EF4B}.Debug|Any CPU.ActiveCfg = Debug|Any CPU
		{00005A48-F99C-43A6-98FA-DC9114D7EF4B}.Debug|Any CPU.Build.0 = Debug|Any CPU
		{00005A48-F99C-43A6-98FA-DC9114D7EF4B}.Release|Any CPU.ActiveCfg = Release|Any CPU
		{00005A48-F99C-43A6-98FA-DC9114D7EF4B}.Release|Any CPU.Build.0 = Release|Any CPU
		{C717ED01-585F-4C37-AEEC-FDD01905369E}.Debug|Any CPU.ActiveCfg = Debug|Any CPU
		{C717ED01-585F-4C37-AEEC-FDD01905369E}.Debug|Any CPU.Build.0 = Debug|Any CPU
		{C717ED01-585F-4C37-AEEC-FDD01905369E}.Release|Any CPU.ActiveCfg = Release|Any CPU
		{C717ED01-585F-4C37-AEEC-FDD01905369E}.Release|Any CPU.Build.0 = Release|Any CPU
		{CDA79F1B-2C89-49B4-ACC0-9C463A5FE7EF}.Debug|Any CPU.ActiveCfg = Debug|Any CPU
		{CDA79F1B-2C89-49B4-ACC0-9C463A5FE7EF}.Debug|Any CPU.Build.0 = Debug|Any CPU
		{CDA79F1B-2C89-49B4-ACC0-9C463A5FE7EF}.Release|Any CPU.ActiveCfg = Release|Any CPU
		{CDA79F1B-2C89-49B4-ACC0-9C463A5FE7EF}.Release|Any CPU.Build.0 = Release|Any CPU
		{8E247BB3-4726-4D7E-85F4-D2CF53A435F4}.Debug|Any CPU.ActiveCfg = Debug|Any CPU
		{8E247BB3-4726-4D7E-85F4-D2CF53A435F4}.Debug|Any CPU.Build.0 = Debug|Any CPU
		{8E247BB3-4726-4D7E-85F4-D2CF53A435F4}.Release|Any CPU.ActiveCfg = Release|Any CPU
		{8E247BB3-4726-4D7E-85F4-D2CF53A435F4}.Release|Any CPU.Build.0 = Release|Any CPU
		{933D78ED-0DB9-444B-9149-B24961D78C1F}.Debug|Any CPU.ActiveCfg = Debug|Any CPU
		{933D78ED-0DB9-444B-9149-B24961D78C1F}.Debug|Any CPU.Build.0 = Debug|Any CPU
		{933D78ED-0DB9-444B-9149-B24961D78C1F}.Release|Any CPU.ActiveCfg = Release|Any CPU
		{933D78ED-0DB9-444B-9149-B24961D78C1F}.Release|Any CPU.Build.0 = Release|Any CPU
		{0F09FC8A-BD35-49DB-ACFC-9F5DE15C8631}.Debug|Any CPU.ActiveCfg = Debug|Any CPU
		{0F09FC8A-BD35-49DB-ACFC-9F5DE15C8631}.Debug|Any CPU.Build.0 = Debug|Any CPU
		{0F09FC8A-BD35-49DB-ACFC-9F5DE15C8631}.Release|Any CPU.ActiveCfg = Release|Any CPU
		{0F09FC8A-BD35-49DB-ACFC-9F5DE15C8631}.Release|Any CPU.Build.0 = Release|Any CPU
		{6882E193-9610-4E13-9852-29D8681EF257}.Debug|Any CPU.ActiveCfg = Debug|Any CPU
		{6882E193-9610-4E13-9852-29D8681EF257}.Debug|Any CPU.Build.0 = Debug|Any CPU
		{6882E193-9610-4E13-9852-29D8681EF257}.Release|Any CPU.ActiveCfg = Release|Any CPU
		{6882E193-9610-4E13-9852-29D8681EF257}.Release|Any CPU.Build.0 = Release|Any CPU
		{11E2A2A6-2669-4FA8-B8D8-6BAFE1A5D5EA}.Debug|Any CPU.ActiveCfg = Debug|Any CPU
		{11E2A2A6-2669-4FA8-B8D8-6BAFE1A5D5EA}.Debug|Any CPU.Build.0 = Debug|Any CPU
		{11E2A2A6-2669-4FA8-B8D8-6BAFE1A5D5EA}.Release|Any CPU.ActiveCfg = Release|Any CPU
		{11E2A2A6-2669-4FA8-B8D8-6BAFE1A5D5EA}.Release|Any CPU.Build.0 = Release|Any CPU
		{8AECC234-3BBB-4E39-A256-0272A71449E7}.Debug|Any CPU.ActiveCfg = Debug|Any CPU
		{8AECC234-3BBB-4E39-A256-0272A71449E7}.Debug|Any CPU.Build.0 = Debug|Any CPU
		{8AECC234-3BBB-4E39-A256-0272A71449E7}.Release|Any CPU.ActiveCfg = Release|Any CPU
		{8AECC234-3BBB-4E39-A256-0272A71449E7}.Release|Any CPU.Build.0 = Release|Any CPU
	EndGlobalSection
	GlobalSection(SolutionProperties) = preSolution
		HideSolutionNode = FALSE
	EndGlobalSection
	GlobalSection(NestedProjects) = preSolution
		{9E728EB7-B554-4451-BE23-98B8E62A9FFD} = {E7CEEE3B-315A-4807-82F7-15713B858B5D}
		{FE1ECF9D-64A6-458C-A085-A01464A8394C} = {20A4C022-C06A-4F56-A9FD-19179CA299DE}
		{A2A8A350-16D9-4213-A622-0E2F76847716} = {20A4C022-C06A-4F56-A9FD-19179CA299DE}
		{B92AC821-0D18-4853-854C-F9378288D7B7} = {20A4C022-C06A-4F56-A9FD-19179CA299DE}
		{A0632E7E-61C8-4BCD-B889-0D2ABAB0A47B} = {F95838FC-51F5-4145-892C-45A21F85A896}
		{BDE79828-DA46-4547-8D13-E3896455319E} = {F95838FC-51F5-4145-892C-45A21F85A896}
		{0BC912D9-5B7D-474D-8DD7-B4255F13C8C8} = {20A4C022-C06A-4F56-A9FD-19179CA299DE}
		{05F5765C-25BF-42C0-8F2A-5B09EADD03B7} = {F95838FC-51F5-4145-892C-45A21F85A896}
		{832E6ACF-3815-4A9A-9268-9B825C86ADE1} = {491A0144-5428-4BCE-9E87-AD4389DC2D9D}
		{F8E0BEEE-CA86-42EB-98B7-8619D0D7AB16} = {491A0144-5428-4BCE-9E87-AD4389DC2D9D}
		{00005A48-F99C-43A6-98FA-DC9114D7EF4B} = {491A0144-5428-4BCE-9E87-AD4389DC2D9D}
		{C717ED01-585F-4C37-AEEC-FDD01905369E} = {6D611677-C16C-4F53-AD69-345B9D278B68}
		{CDA79F1B-2C89-49B4-ACC0-9C463A5FE7EF} = {491A0144-5428-4BCE-9E87-AD4389DC2D9D}
		{8E247BB3-4726-4D7E-85F4-D2CF53A435F4} = {20A4C022-C06A-4F56-A9FD-19179CA299DE}
		{933D78ED-0DB9-444B-9149-B24961D78C1F} = {F95838FC-51F5-4145-892C-45A21F85A896}
		{0F09FC8A-BD35-49DB-ACFC-9F5DE15C8631} = {491A0144-5428-4BCE-9E87-AD4389DC2D9D}
		{6882E193-9610-4E13-9852-29D8681EF257} = {20A4C022-C06A-4F56-A9FD-19179CA299DE}
		{11E2A2A6-2669-4FA8-B8D8-6BAFE1A5D5EA} = {F95838FC-51F5-4145-892C-45A21F85A896}
		{8AECC234-3BBB-4E39-A256-0272A71449E7} = {491A0144-5428-4BCE-9E87-AD4389DC2D9D}
	EndGlobalSection
	GlobalSection(ExtensibilityGlobals) = postSolution
		SolutionGuid = {77FDC83E-8DAA-4B2E-BAF3-E2ABB98B4436}
	EndGlobalSection
EndGlobal
